
Microsoft Visual Studio Solution File, Format Version 12.00
# Visual Studio Version 17
VisualStudioVersion = 17.13.35825.156
MinimumVisualStudioVersion = 10.0.40219.1
Project("{9A19103F-16F7-4668-BE54-9A1E7A4F7556}") = "ToDoList", "ToDoList\ToDoList.csproj", "{41882EEC-E7D2-4BC7-B943-2C48012FE42E}"
EndProject
Project("{2150E333-8FDC-42A3-9474-1A3956D46DE8}") = "Solution Items", "Solution Items", "{108488FF-488B-425E-85FF-1C49B73CDAF8}"
	ProjectSection(SolutionItems) = preProject
		ToDoList.Tests\ToDoList.Tests.csproj = ToDoList.Tests\ToDoList.Tests.csproj
	EndProjectSection
EndProject
Project("{FAE04EC0-301F-11D3-BF4B-00C04F79EFBC}") = "ToDoList.Tests", "ToDoList.Tests\ToDoList.Tests.csproj", "{8171FA2F-F20F-457F-A490-2B507ADDE18A}"
EndProject
Global
	GlobalSection(SolutionConfigurationPlatforms) = preSolution
		Debug|Any CPU = Debug|Any CPU
		Release|Any CPU = Release|Any CPU
	EndGlobalSection
	GlobalSection(ProjectConfigurationPlatforms) = postSolution
		{41882EEC-E7D2-4BC7-B943-2C48012FE42E}.Debug|Any CPU.ActiveCfg = Debug|Any CPU
		{41882EEC-E7D2-4BC7-B943-2C48012FE42E}.Debug|Any CPU.Build.0 = Debug|Any CPU
		{41882EEC-E7D2-4BC7-B943-2C48012FE42E}.Release|Any CPU.ActiveCfg = Release|Any CPU
		{41882EEC-E7D2-4BC7-B943-2C48012FE42E}.Release|Any CPU.Build.0 = Release|Any CPU
		{8171FA2F-F20F-457F-A490-2B507ADDE18A}.Debug|Any CPU.ActiveCfg = Debug|Any CPU
		{8171FA2F-F20F-457F-A490-2B507ADDE18A}.Debug|Any CPU.Build.0 = Debug|Any CPU
		{8171FA2F-F20F-457F-A490-2B507ADDE18A}.Release|Any CPU.ActiveCfg = Release|Any CPU
		{8171FA2F-F20F-457F-A490-2B507ADDE18A}.Release|Any CPU.Build.0 = Release|Any CPU
	EndGlobalSection
	GlobalSection(SolutionProperties) = preSolution
		HideSolutionNode = FALSE
	EndGlobalSection
	GlobalSection(ExtensibilityGlobals) = postSolution
		SolutionGuid = {44A74AE7-C580-4CFA-92C5-258A903DFDE7}
	EndGlobalSection
EndGlobal
